{
  "name": "rj",
  "version": "1.0.0",
  "lockfileVersion": 2,
  "requires": true,
  "packages": {
    "": {
      "name": "rj",
      "version": "1.0.0",
      "license": "ISC",
      "dependencies": {
        "node-fetch": "^2.6.0"
      }
    },
    "node_modules/node-fetch": {
      "version": "2.6.6",
      "resolved": "https://registry.npmjs.org/node-fetch/-/node-fetch-2.6.6.tgz",
      "integrity": "sha512-Zj1F9wzKscKk8+QzDn0yC8EoJ7Kk1PVU0o6BlhNnE5JQ7ZbU2uN4Q6Q8ZPpS7vJ5QsPP88wWlM7IuPPw7PPjIg==",
      "engines": {
        "node": ">=4.0"
      }
    }
  },
  "dependencies": {
    "node-fetch": {
      "version": "2.6.6",
      "resolved": "https://registry.npmjs.org/node-fetch/-/node-fetch-2.6.6.tgz",
      "integrity": "sha512-Zj1F9wzKscKk8+QzDn0yC8EoJ7Kk1PVU0o6BlhNnE5JQ7ZbU2uN4Q6Q8ZPpS7vJ5QsPP88wWlM7IuPPw7PPjIg=="
    }
  }
}